
Microsoft Visual Studio Solution File, Format Version 12.00
# Visual Studio 15
VisualStudioVersion = 15.0.28307.271
MinimumVisualStudioVersion = 10.0.40219.1
Project("{9A19103F-16F7-4668-BE54-9A1E7A4F7556}") = "Pluralsight.DesignPatterns", "Pluralsight.DesignPatterns\Pluralsight.DesignPatterns.csproj", "{1E7D93BE-3548-45D5-AE1A-DF3DEBB99020}"
EndProject
Project("{9A19103F-16F7-4668-BE54-9A1E7A4F7556}") = "DesignPatternsTests", "DesignPatternsTests\DesignPatternsTests.csproj", "{1466CE3F-4A56-403E-BAAA-2D1AB73CA8D6}"
EndProject
Project("{FAE04EC0-301F-11D3-BF4B-00C04F79EFBC}") = "EventAggregatorDemo", "EventAggregator\EventAggregatorDemo.csproj", "{B502C4C0-C1C3-4573-8697-3B7A3D0D21CE}"
EndProject
Project("{FAE04EC0-301F-11D3-BF4B-00C04F79EFBC}") = "FlyweightDemo", "FlyweightDemo\FlyweightDemo.csproj", "{5DDA2BAD-6DFC-453A-B221-10B35D1D4A4E}"
EndProject
Project("{FAE04EC0-301F-11D3-BF4B-00C04F79EFBC}") = "MomentoDemo", "MomentoDemo\MomentoDemo.csproj", "{3892DB5B-7479-4DB1-B4C8-506820E5576A}"
EndProject
Global
	GlobalSection(SolutionConfigurationPlatforms) = preSolution
		Debug|Any CPU = Debug|Any CPU
		Release|Any CPU = Release|Any CPU
	EndGlobalSection
	GlobalSection(ProjectConfigurationPlatforms) = postSolution
		{1E7D93BE-3548-45D5-AE1A-DF3DEBB99020}.Debug|Any CPU.ActiveCfg = Debug|Any CPU
		{1E7D93BE-3548-45D5-AE1A-DF3DEBB99020}.Debug|Any CPU.Build.0 = Debug|Any CPU
		{1E7D93BE-3548-45D5-AE1A-DF3DEBB99020}.Release|Any CPU.ActiveCfg = Release|Any CPU
		{1E7D93BE-3548-45D5-AE1A-DF3DEBB99020}.Release|Any CPU.Build.0 = Release|Any CPU
		{1466CE3F-4A56-403E-BAAA-2D1AB73CA8D6}.Debug|Any CPU.ActiveCfg = Debug|Any CPU
		{1466CE3F-4A56-403E-BAAA-2D1AB73CA8D6}.Debug|Any CPU.Build.0 = Debug|Any CPU
		{1466CE3F-4A56-403E-BAAA-2D1AB73CA8D6}.Release|Any CPU.ActiveCfg = Release|Any CPU
		{1466CE3F-4A56-403E-BAAA-2D1AB73CA8D6}.Release|Any CPU.Build.0 = Release|Any CPU
		{B502C4C0-C1C3-4573-8697-3B7A3D0D21CE}.Debug|Any CPU.ActiveCfg = Debug|Any CPU
		{B502C4C0-C1C3-4573-8697-3B7A3D0D21CE}.Debug|Any CPU.Build.0 = Debug|Any CPU
		{B502C4C0-C1C3-4573-8697-3B7A3D0D21CE}.Release|Any CPU.ActiveCfg = Release|Any CPU
		{B502C4C0-C1C3-4573-8697-3B7A3D0D21CE}.Release|Any CPU.Build.0 = Release|Any CPU
		{5DDA2BAD-6DFC-453A-B221-10B35D1D4A4E}.Debug|Any CPU.ActiveCfg = Debug|Any CPU
		{5DDA2BAD-6DFC-453A-B221-10B35D1D4A4E}.Debug|Any CPU.Build.0 = Debug|Any CPU
		{5DDA2BAD-6DFC-453A-B221-10B35D1D4A4E}.Release|Any CPU.ActiveCfg = Release|Any CPU
		{5DDA2BAD-6DFC-453A-B221-10B35D1D4A4E}.Release|Any CPU.Build.0 = Release|Any CPU
		{3892DB5B-7479-4DB1-B4C8-506820E5576A}.Debug|Any CPU.ActiveCfg = Debug|Any CPU
		{3892DB5B-7479-4DB1-B4C8-506820E5576A}.Debug|Any CPU.Build.0 = Debug|Any CPU
		{3892DB5B-7479-4DB1-B4C8-506820E5576A}.Release|Any CPU.ActiveCfg = Release|Any CPU
		{3892DB5B-7479-4DB1-B4C8-506820E5576A}.Release|Any CPU.Build.0 = Release|Any CPU
	EndGlobalSection
	GlobalSection(SolutionProperties) = preSolution
		HideSolutionNode = FALSE
	EndGlobalSection
	GlobalSection(ExtensibilityGlobals) = postSolution
		SolutionGuid = {8B9116E9-CEE0-4C0E-9601-5860303EDF71}
	EndGlobalSection
EndGlobal
