
Microsoft Visual Studio Solution File, Format Version 12.00
# Visual Studio 15
VisualStudioVersion = 15.0.28307.271
MinimumVisualStudioVersion = 10.0.40219.1
Project("{FAE04EC0-301F-11D3-BF4B-00C04F79EFBC}") = "Pluralsight.DesignPatterns", "Pluralsight.DesignPatterns\Pluralsight.DesignPatterns.csproj", "{1E7D93BE-3548-45D5-AE1A-DF3DEBB99020}"
EndProject
Project("{FAE04EC0-301F-11D3-BF4B-00C04F79EFBC}") = "DesignPatternsTests", "DesignPatternsTests\DesignPatternsTests.csproj", "{1466CE3F-4A56-403E-BAAA-2D1AB73CA8D6}"
EndProject
Global
	GlobalSection(SolutionConfigurationPlatforms) = preSolution
		Debug|Any CPU = Debug|Any CPU
		Release|Any CPU = Release|Any CPU
	EndGlobalSection
	GlobalSection(ProjectConfigurationPlatforms) = postSolution
		{1E7D93BE-3548-45D5-AE1A-DF3DEBB99020}.Debug|Any CPU.ActiveCfg = Debug|Any CPU
		{1E7D93BE-3548-45D5-AE1A-DF3DEBB99020}.Debug|Any CPU.Build.0 = Debug|Any CPU
		{1E7D93BE-3548-45D5-AE1A-DF3DEBB99020}.Release|Any CPU.ActiveCfg = Release|Any CPU
		{1E7D93BE-3548-45D5-AE1A-DF3DEBB99020}.Release|Any CPU.Build.0 = Release|Any CPU
		{1466CE3F-4A56-403E-BAAA-2D1AB73CA8D6}.Debug|Any CPU.ActiveCfg = Debug|Any CPU
		{1466CE3F-4A56-403E-BAAA-2D1AB73CA8D6}.Debug|Any CPU.Build.0 = Debug|Any CPU
		{1466CE3F-4A56-403E-BAAA-2D1AB73CA8D6}.Release|Any CPU.ActiveCfg = Release|Any CPU
		{1466CE3F-4A56-403E-BAAA-2D1AB73CA8D6}.Release|Any CPU.Build.0 = Release|Any CPU
	EndGlobalSection
	GlobalSection(SolutionProperties) = preSolution
		HideSolutionNode = FALSE
	EndGlobalSection
	GlobalSection(ExtensibilityGlobals) = postSolution
		SolutionGuid = {8B9116E9-CEE0-4C0E-9601-5860303EDF71}
	EndGlobalSection
EndGlobal
